
Microsoft Visual Studio Solution File, Format Version 12.00
# Visual Studio 15
VisualStudioVersion = 15.0.28307.329
MinimumVisualStudioVersion = 10.0.40219.1
Project("{FAE04EC0-301F-11D3-BF4B-00C04F79EFBC}") = "Board_3", "Board_3\Board_3.csproj", "{3FE2F05A-36FD-4388-9BD9-5A15FE8B98AF}"
EndProject
Global
	GlobalSection(SolutionConfigurationPlatforms) = preSolution
		Debug|Any CPU = Debug|Any CPU
		Release|Any CPU = Release|Any CPU
	EndGlobalSection
	GlobalSection(ProjectConfigurationPlatforms) = postSolution
		{3FE2F05A-36FD-4388-9BD9-5A15FE8B98AF}.Debug|Any CPU.ActiveCfg = Debug|Any CPU
		{3FE2F05A-36FD-4388-9BD9-5A15FE8B98AF}.Debug|Any CPU.Build.0 = Debug|Any CPU
		{3FE2F05A-36FD-4388-9BD9-5A15FE8B98AF}.Release|Any CPU.ActiveCfg = Release|Any CPU
		{3FE2F05A-36FD-4388-9BD9-5A15FE8B98AF}.Release|Any CPU.Build.0 = Release|Any CPU
	EndGlobalSection
	GlobalSection(SolutionProperties) = preSolution
		HideSolutionNode = FALSE
	EndGlobalSection
	GlobalSection(ExtensibilityGlobals) = postSolution
		SolutionGuid = {56A9E165-5AF6-4CBD-9AF4-1D24D6569E42}
	EndGlobalSection
EndGlobal
